
Microsoft Visual Studio Solution File, Format Version 12.00
Project("{2150E333-8FDC-42A3-9474-1A3956D46DE8}") = "src", "src", "{D6042F49-DF92-4205-9985-2E8310AF4C59}"
EndProject
Project("{FAE04EC0-301F-11D3-BF4B-00C04F79EFBC}") = "FinancialTrack.API", "src\FinancialTrack.API\FinancialTrack.API.csproj", "{AF10D652-8C99-4C73-9E24-163DAA79D44F}"
EndProject
Project("{FAE04EC0-301F-11D3-BF4B-00C04F79EFBC}") = "FinancialTrack.Application", "src\FinancialTrack.Application\FinancialTrack.Application.csproj", "{5E1D1F86-EF2C-464F-BD66-965CC9638346}"
EndProject
Project("{FAE04EC0-301F-11D3-BF4B-00C04F79EFBC}") = "FinancialTrack.Domain", "src\FinancialTrack.Domain\FinancialTrack.Domain.csproj", "{B8C99956-C573-4F13-8F58-AD64ECF91874}"
EndProject
Project("{FAE04EC0-301F-11D3-BF4B-00C04F79EFBC}") = "FinancialTrack.Persistence", "src\FinancialTrack.Persistence\FinancialTrack.Persistence.csproj", "{070ABF44-0682-4831-8257-66668CACBEBB}"
EndProject
Project("{FAE04EC0-301F-11D3-BF4B-00C04F79EFBC}") = "FinancialTrack.Infrastructure", "src\FinancialTrack.Infrastructure\FinancialTrack.Infrastructure.csproj", "{2CC44979-2330-4F8F-A22C-30C2E261296F}"
EndProject
Global
	GlobalSection(SolutionConfigurationPlatforms) = preSolution
		Debug|Any CPU = Debug|Any CPU
		Release|Any CPU = Release|Any CPU
	EndGlobalSection
	GlobalSection(ProjectConfigurationPlatforms) = postSolution
		{AF10D652-8C99-4C73-9E24-163DAA79D44F}.Debug|Any CPU.ActiveCfg = Debug|Any CPU
		{AF10D652-8C99-4C73-9E24-163DAA79D44F}.Debug|Any CPU.Build.0 = Debug|Any CPU
		{AF10D652-8C99-4C73-9E24-163DAA79D44F}.Release|Any CPU.ActiveCfg = Release|Any CPU
		{AF10D652-8C99-4C73-9E24-163DAA79D44F}.Release|Any CPU.Build.0 = Release|Any CPU
		{5E1D1F86-EF2C-464F-BD66-965CC9638346}.Debug|Any CPU.ActiveCfg = Debug|Any CPU
		{5E1D1F86-EF2C-464F-BD66-965CC9638346}.Debug|Any CPU.Build.0 = Debug|Any CPU
		{5E1D1F86-EF2C-464F-BD66-965CC9638346}.Release|Any CPU.ActiveCfg = Release|Any CPU
		{5E1D1F86-EF2C-464F-BD66-965CC9638346}.Release|Any CPU.Build.0 = Release|Any CPU
		{B8C99956-C573-4F13-8F58-AD64ECF91874}.Debug|Any CPU.ActiveCfg = Debug|Any CPU
		{B8C99956-C573-4F13-8F58-AD64ECF91874}.Debug|Any CPU.Build.0 = Debug|Any CPU
		{B8C99956-C573-4F13-8F58-AD64ECF91874}.Release|Any CPU.ActiveCfg = Release|Any CPU
		{B8C99956-C573-4F13-8F58-AD64ECF91874}.Release|Any CPU.Build.0 = Release|Any CPU
		{070ABF44-0682-4831-8257-66668CACBEBB}.Debug|Any CPU.ActiveCfg = Debug|Any CPU
		{070ABF44-0682-4831-8257-66668CACBEBB}.Debug|Any CPU.Build.0 = Debug|Any CPU
		{070ABF44-0682-4831-8257-66668CACBEBB}.Release|Any CPU.ActiveCfg = Release|Any CPU
		{070ABF44-0682-4831-8257-66668CACBEBB}.Release|Any CPU.Build.0 = Release|Any CPU
		{2CC44979-2330-4F8F-A22C-30C2E261296F}.Debug|Any CPU.ActiveCfg = Debug|Any CPU
		{2CC44979-2330-4F8F-A22C-30C2E261296F}.Debug|Any CPU.Build.0 = Debug|Any CPU
		{2CC44979-2330-4F8F-A22C-30C2E261296F}.Release|Any CPU.ActiveCfg = Release|Any CPU
		{2CC44979-2330-4F8F-A22C-30C2E261296F}.Release|Any CPU.Build.0 = Release|Any CPU
	EndGlobalSection
	GlobalSection(NestedProjects) = preSolution
		{AF10D652-8C99-4C73-9E24-163DAA79D44F} = {D6042F49-DF92-4205-9985-2E8310AF4C59}
		{5E1D1F86-EF2C-464F-BD66-965CC9638346} = {D6042F49-DF92-4205-9985-2E8310AF4C59}
		{B8C99956-C573-4F13-8F58-AD64ECF91874} = {D6042F49-DF92-4205-9985-2E8310AF4C59}
		{070ABF44-0682-4831-8257-66668CACBEBB} = {D6042F49-DF92-4205-9985-2E8310AF4C59}
		{2CC44979-2330-4F8F-A22C-30C2E261296F} = {D6042F49-DF92-4205-9985-2E8310AF4C59}
	EndGlobalSection
EndGlobal
