
Microsoft Visual Studio Solution File, Format Version 12.00
Project("{2150E333-8FDC-42A3-9474-1A3956D46DE8}") = "src", "src", "{D6042F49-DF92-4205-9985-2E8310AF4C59}"
EndProject
Project("{FAE04EC0-301F-11D3-BF4B-00C04F79EFBC}") = "FinancialTrack.API", "src\FinancialTrack.API\FinancialTrack.API.csproj", "{AF10D652-8C99-4C73-9E24-163DAA79D44F}"
EndProject
Project("{FAE04EC0-301F-11D3-BF4B-00C04F79EFBC}") = "FinancialTrack.Application", "src\FinancialTrack.Application\FinancialTrack.Application.csproj", "{5764BE66-9B28-4259-A43A-A49F13747F37}"
EndProject
Project("{FAE04EC0-301F-11D3-BF4B-00C04F79EFBC}") = "FinancialTrack.Domain", "src\FinancialTrack.Domain\FinancialTrack.Domain.csproj", "{97B30D10-0B35-429A-B852-2D634ED98AD0}"
EndProject
Project("{FAE04EC0-301F-11D3-BF4B-00C04F79EFBC}") = "FinancialTrack.Persistence", "src\FinancialTrack.Persistence\FinancialTrack.Persistence.csproj", "{77201B78-0F99-4035-B117-AB4493E712D4}"
EndProject
Project("{FAE04EC0-301F-11D3-BF4B-00C04F79EFBC}") = "FinancialTrack.Infrastructure", "src\FinancialTrack.Infrastructure\FinancialTrack.Infrastructure.csproj", "{683AC93B-5B5A-45EB-92D8-F47DBF513123}"
EndProject
Project("{FAE04EC0-301F-11D3-BF4B-00C04F79EFBC}") = "FinancialTrack.Core", "src\FinancialTrack.Core\FinancialTrack.Core.csproj", "{7A4B6173-3DF3-48F5-8932-43AD94E68193}"
EndProject
Global
	GlobalSection(SolutionConfigurationPlatforms) = preSolution
		Debug|Any CPU = Debug|Any CPU
		Release|Any CPU = Release|Any CPU
	EndGlobalSection
	GlobalSection(ProjectConfigurationPlatforms) = postSolution
		{AF10D652-8C99-4C73-9E24-163DAA79D44F}.Debug|Any CPU.ActiveCfg = Debug|Any CPU
		{AF10D652-8C99-4C73-9E24-163DAA79D44F}.Debug|Any CPU.Build.0 = Debug|Any CPU
		{AF10D652-8C99-4C73-9E24-163DAA79D44F}.Release|Any CPU.ActiveCfg = Release|Any CPU
		{AF10D652-8C99-4C73-9E24-163DAA79D44F}.Release|Any CPU.Build.0 = Release|Any CPU
		{5764BE66-9B28-4259-A43A-A49F13747F37}.Debug|Any CPU.ActiveCfg = Debug|Any CPU
		{5764BE66-9B28-4259-A43A-A49F13747F37}.Debug|Any CPU.Build.0 = Debug|Any CPU
		{5764BE66-9B28-4259-A43A-A49F13747F37}.Release|Any CPU.ActiveCfg = Release|Any CPU
		{5764BE66-9B28-4259-A43A-A49F13747F37}.Release|Any CPU.Build.0 = Release|Any CPU
		{97B30D10-0B35-429A-B852-2D634ED98AD0}.Debug|Any CPU.ActiveCfg = Debug|Any CPU
		{97B30D10-0B35-429A-B852-2D634ED98AD0}.Debug|Any CPU.Build.0 = Debug|Any CPU
		{97B30D10-0B35-429A-B852-2D634ED98AD0}.Release|Any CPU.ActiveCfg = Release|Any CPU
		{97B30D10-0B35-429A-B852-2D634ED98AD0}.Release|Any CPU.Build.0 = Release|Any CPU
		{77201B78-0F99-4035-B117-AB4493E712D4}.Debug|Any CPU.ActiveCfg = Debug|Any CPU
		{77201B78-0F99-4035-B117-AB4493E712D4}.Debug|Any CPU.Build.0 = Debug|Any CPU
		{77201B78-0F99-4035-B117-AB4493E712D4}.Release|Any CPU.ActiveCfg = Release|Any CPU
		{77201B78-0F99-4035-B117-AB4493E712D4}.Release|Any CPU.Build.0 = Release|Any CPU
		{683AC93B-5B5A-45EB-92D8-F47DBF513123}.Debug|Any CPU.ActiveCfg = Debug|Any CPU
		{683AC93B-5B5A-45EB-92D8-F47DBF513123}.Debug|Any CPU.Build.0 = Debug|Any CPU
		{683AC93B-5B5A-45EB-92D8-F47DBF513123}.Release|Any CPU.ActiveCfg = Release|Any CPU
		{683AC93B-5B5A-45EB-92D8-F47DBF513123}.Release|Any CPU.Build.0 = Release|Any CPU
		{7A4B6173-3DF3-48F5-8932-43AD94E68193}.Debug|Any CPU.ActiveCfg = Debug|Any CPU
		{7A4B6173-3DF3-48F5-8932-43AD94E68193}.Debug|Any CPU.Build.0 = Debug|Any CPU
		{7A4B6173-3DF3-48F5-8932-43AD94E68193}.Release|Any CPU.ActiveCfg = Release|Any CPU
		{7A4B6173-3DF3-48F5-8932-43AD94E68193}.Release|Any CPU.Build.0 = Release|Any CPU
	EndGlobalSection
	GlobalSection(NestedProjects) = preSolution
		{AF10D652-8C99-4C73-9E24-163DAA79D44F} = {D6042F49-DF92-4205-9985-2E8310AF4C59}
		{5764BE66-9B28-4259-A43A-A49F13747F37} = {D6042F49-DF92-4205-9985-2E8310AF4C59}
		{97B30D10-0B35-429A-B852-2D634ED98AD0} = {D6042F49-DF92-4205-9985-2E8310AF4C59}
		{77201B78-0F99-4035-B117-AB4493E712D4} = {D6042F49-DF92-4205-9985-2E8310AF4C59}
		{683AC93B-5B5A-45EB-92D8-F47DBF513123} = {D6042F49-DF92-4205-9985-2E8310AF4C59}
		{7A4B6173-3DF3-48F5-8932-43AD94E68193} = {D6042F49-DF92-4205-9985-2E8310AF4C59}
	EndGlobalSection
EndGlobal
